
Microsoft Visual Studio Solution File, Format Version 12.00
# Visual Studio Version 17
VisualStudioVersion = 17.2.32616.157
MinimumVisualStudioVersion = 10.0.40219.1
Project("{FAE04EC0-301F-11D3-BF4B-00C04F79EFBC}") = "LoadingSystem.Controls", "LoadingSystem.Controls.csproj", "{C722434D-0B89-4607-8167-D45CF2DFBA8E}"
EndProject
Project("{FAE04EC0-301F-11D3-BF4B-00C04F79EFBC}") = "LoadingSystem.Entity", "..\LoadingSystem.Entity\LoadingSystem.Entity.csproj", "{EA8D4CFF-0464-48D2-BBBF-055BC643CE8A}"
EndProject
Project("{FAE04EC0-301F-11D3-BF4B-00C04F79EFBC}") = "LoadingSystem.Common", "..\LoadingSystem.Common\LoadingSystem.Common.csproj", "{01890CB9-D3D3-40B3-A8F2-7621AF05353D}"
EndProject
Global
	GlobalSection(SolutionConfigurationPlatforms) = preSolution
		Debug|Any CPU = Debug|Any CPU
		Release|Any CPU = Release|Any CPU
	EndGlobalSection
	GlobalSection(ProjectConfigurationPlatforms) = postSolution
		{C722434D-0B89-4607-8167-D45CF2DFBA8E}.Debug|Any CPU.ActiveCfg = Debug|Any CPU
		{C722434D-0B89-4607-8167-D45CF2DFBA8E}.Debug|Any CPU.Build.0 = Debug|Any CPU
		{C722434D-0B89-4607-8167-D45CF2DFBA8E}.Release|Any CPU.ActiveCfg = Release|Any CPU
		{C722434D-0B89-4607-8167-D45CF2DFBA8E}.Release|Any CPU.Build.0 = Release|Any CPU
		{EA8D4CFF-0464-48D2-BBBF-055BC643CE8A}.Debug|Any CPU.ActiveCfg = Debug|Any CPU
		{EA8D4CFF-0464-48D2-BBBF-055BC643CE8A}.Debug|Any CPU.Build.0 = Debug|Any CPU
		{EA8D4CFF-0464-48D2-BBBF-055BC643CE8A}.Release|Any CPU.ActiveCfg = Release|Any CPU
		{EA8D4CFF-0464-48D2-BBBF-055BC643CE8A}.Release|Any CPU.Build.0 = Release|Any CPU
		{01890CB9-D3D3-40B3-A8F2-7621AF05353D}.Debug|Any CPU.ActiveCfg = Debug|Any CPU
		{01890CB9-D3D3-40B3-A8F2-7621AF05353D}.Debug|Any CPU.Build.0 = Debug|Any CPU
		{01890CB9-D3D3-40B3-A8F2-7621AF05353D}.Release|Any CPU.ActiveCfg = Release|Any CPU
		{01890CB9-D3D3-40B3-A8F2-7621AF05353D}.Release|Any CPU.Build.0 = Release|Any CPU
	EndGlobalSection
	GlobalSection(SolutionProperties) = preSolution
		HideSolutionNode = FALSE
	EndGlobalSection
	GlobalSection(ExtensibilityGlobals) = postSolution
		SolutionGuid = {8AD419E1-10DD-43CB-BC36-0F759E3CAB5B}
	EndGlobalSection
EndGlobal
